// !$*UTF8*$!
{
	archiveVersion = 1;
	classes = {
	};
	objectVersion = 51;
	objects = {

/* Begin PBXBuildFile section */
		8332F84723FF0B0200632951 /* AppDelegate.swift in Sources */ = {isa = PBXBuildFile; fileRef = 8332F84623FF0B0200632951 /* AppDelegate.swift */; };
		8332F84923FF0B0200632951 /* SceneDelegate.swift in Sources */ = {isa = PBXBuildFile; fileRef = 8332F84823FF0B0200632951 /* SceneDelegate.swift */; };
		8332F84B23FF0B0200632951 /* LoginViewController.swift in Sources */ = {isa = PBXBuildFile; fileRef = 8332F84A23FF0B0200632951 /* LoginViewController.swift */; };
		8332F84E23FF0B0200632951 /* Main.storyboard in Resources */ = {isa = PBXBuildFile; fileRef = 8332F84C23FF0B0200632951 /* Main.storyboard */; };
		8332F85023FF0B0500632951 /* Assets.xcassets in Resources */ = {isa = PBXBuildFile; fileRef = 8332F84F23FF0B0500632951 /* Assets.xcassets */; };
		8332F85323FF0B0500632951 /* LaunchScreen.storyboard in Resources */ = {isa = PBXBuildFile; fileRef = 8332F85123FF0B0500632951 /* LaunchScreen.storyboard */; };
		8332F85B23FF338A00632951 /* SignUpViewController.swift in Sources */ = {isa = PBXBuildFile; fileRef = 8332F85A23FF338A00632951 /* SignUpViewController.swift */; };
		8332F85F23FF37BA00632951 /* Register.swift in Sources */ = {isa = PBXBuildFile; fileRef = 8332F85E23FF37BA00632951 /* Register.swift */; };
		8379F893244C69370097876F /* HomeViewController.swift in Sources */ = {isa = PBXBuildFile; fileRef = 8379F892244C69370097876F /* HomeViewController.swift */; };
		8379F896244C697A0097876F /* HomeCollectionViewCell.swift in Sources */ = {isa = PBXBuildFile; fileRef = 8379F895244C697A0097876F /* HomeCollectionViewCell.swift */; };
		8379F899244C7D5B0097876F /* Home.storyboard in Resources */ = {isa = PBXBuildFile; fileRef = 8379F898244C7D5B0097876F /* Home.storyboard */; };
		8379F89B244C7D780097876F /* Relations.storyboard in Resources */ = {isa = PBXBuildFile; fileRef = 8379F89A244C7D780097876F /* Relations.storyboard */; };
		8379F89D244C7D810097876F /* Requests.storyboard in Resources */ = {isa = PBXBuildFile; fileRef = 8379F89C244C7D810097876F /* Requests.storyboard */; };
		8379F89F244C7D8A0097876F /* Settings.storyboard in Resources */ = {isa = PBXBuildFile; fileRef = 8379F89E244C7D8A0097876F /* Settings.storyboard */; };
		8379F8A1244C7D970097876F /* Profile.storyboard in Resources */ = {isa = PBXBuildFile; fileRef = 8379F8A0244C7D970097876F /* Profile.storyboard */; };
		839FD3F82401C03E00DD21F4 /* Login.swift in Sources */ = {isa = PBXBuildFile; fileRef = 839FD3F72401C03E00DD21F4 /* Login.swift */; };
		83DB6D3C23FFD06200890479 /* MSConstants.swift in Sources */ = {isa = PBXBuildFile; fileRef = 83DB6D3B23FFD06200890479 /* MSConstants.swift */; };
		83DB6D3E23FFD0CA00890479 /* MSErrors.swift in Sources */ = {isa = PBXBuildFile; fileRef = 83DB6D3D23FFD0CA00890479 /* MSErrors.swift */; };
		83DB6D4223FFD2B200890479 /* AuthService.swift in Sources */ = {isa = PBXBuildFile; fileRef = 83DB6D4123FFD2B200890479 /* AuthService.swift */; };
		D641C0FF6D57E2F610203AB9 /* Pods_mentorship_ios.framework in Frameworks */ = {isa = PBXBuildFile; fileRef = 09507C5BBCF463918CC8C6DD /* Pods_mentorship_ios.framework */; };
/* End PBXBuildFile section */

/* Begin PBXFileReference section */
		09507C5BBCF463918CC8C6DD /* Pods_mentorship_ios.framework */ = {isa = PBXFileReference; explicitFileType = wrapper.framework; includeInIndex = 0; path = Pods_mentorship_ios.framework; sourceTree = BUILT_PRODUCTS_DIR; };
		8332F84323FF0B0200632951 /* mentorship-ios.app */ = {isa = PBXFileReference; explicitFileType = wrapper.application; includeInIndex = 0; path = "mentorship-ios.app"; sourceTree = BUILT_PRODUCTS_DIR; };
		8332F84623FF0B0200632951 /* AppDelegate.swift */ = {isa = PBXFileReference; lastKnownFileType = sourcecode.swift; path = AppDelegate.swift; sourceTree = "<group>"; };
		8332F84823FF0B0200632951 /* SceneDelegate.swift */ = {isa = PBXFileReference; lastKnownFileType = sourcecode.swift; path = SceneDelegate.swift; sourceTree = "<group>"; };
		8332F84A23FF0B0200632951 /* LoginViewController.swift */ = {isa = PBXFileReference; lastKnownFileType = sourcecode.swift; path = LoginViewController.swift; sourceTree = "<group>"; };
		8332F84D23FF0B0200632951 /* Base */ = {isa = PBXFileReference; lastKnownFileType = file.storyboard; name = Base; path = Base.lproj/Main.storyboard; sourceTree = "<group>"; };
		8332F84F23FF0B0500632951 /* Assets.xcassets */ = {isa = PBXFileReference; lastKnownFileType = folder.assetcatalog; path = Assets.xcassets; sourceTree = "<group>"; };
		8332F85223FF0B0500632951 /* Base */ = {isa = PBXFileReference; lastKnownFileType = file.storyboard; name = Base; path = Base.lproj/LaunchScreen.storyboard; sourceTree = "<group>"; };
		8332F85423FF0B0500632951 /* Info.plist */ = {isa = PBXFileReference; lastKnownFileType = text.plist.xml; path = Info.plist; sourceTree = "<group>"; };
		8332F85A23FF338A00632951 /* SignUpViewController.swift */ = {isa = PBXFileReference; lastKnownFileType = sourcecode.swift; path = SignUpViewController.swift; sourceTree = "<group>"; };
		8332F85E23FF37BA00632951 /* Register.swift */ = {isa = PBXFileReference; lastKnownFileType = sourcecode.swift; path = Register.swift; sourceTree = "<group>"; };
		8379F892244C69370097876F /* HomeViewController.swift */ = {isa = PBXFileReference; lastKnownFileType = sourcecode.swift; path = HomeViewController.swift; sourceTree = "<group>"; };
		8379F895244C697A0097876F /* HomeCollectionViewCell.swift */ = {isa = PBXFileReference; lastKnownFileType = sourcecode.swift; path = HomeCollectionViewCell.swift; sourceTree = "<group>"; };
		8379F898244C7D5B0097876F /* Home.storyboard */ = {isa = PBXFileReference; lastKnownFileType = file.storyboard; path = Home.storyboard; sourceTree = "<group>"; };
		8379F89A244C7D780097876F /* Relations.storyboard */ = {isa = PBXFileReference; lastKnownFileType = file.storyboard; path = Relations.storyboard; sourceTree = "<group>"; };
		8379F89C244C7D810097876F /* Requests.storyboard */ = {isa = PBXFileReference; lastKnownFileType = file.storyboard; path = Requests.storyboard; sourceTree = "<group>"; };
		8379F89E244C7D8A0097876F /* Settings.storyboard */ = {isa = PBXFileReference; lastKnownFileType = file.storyboard; path = Settings.storyboard; sourceTree = "<group>"; };
		8379F8A0244C7D970097876F /* Profile.storyboard */ = {isa = PBXFileReference; lastKnownFileType = file.storyboard; path = Profile.storyboard; sourceTree = "<group>"; };
		839FD3F72401C03E00DD21F4 /* Login.swift */ = {isa = PBXFileReference; lastKnownFileType = sourcecode.swift; path = Login.swift; sourceTree = "<group>"; };
		83DB6D3B23FFD06200890479 /* MSConstants.swift */ = {isa = PBXFileReference; lastKnownFileType = sourcecode.swift; path = MSConstants.swift; sourceTree = "<group>"; };
		83DB6D3D23FFD0CA00890479 /* MSErrors.swift */ = {isa = PBXFileReference; lastKnownFileType = sourcecode.swift; path = MSErrors.swift; sourceTree = "<group>"; };
		83DB6D4123FFD2B200890479 /* AuthService.swift */ = {isa = PBXFileReference; lastKnownFileType = sourcecode.swift; path = AuthService.swift; sourceTree = "<group>"; };
		C3D8D73D9FDCFD219B5483B5 /* Pods-mentorship-ios.release.xcconfig */ = {isa = PBXFileReference; includeInIndex = 1; lastKnownFileType = text.xcconfig; name = "Pods-mentorship-ios.release.xcconfig"; path = "Target Support Files/Pods-mentorship-ios/Pods-mentorship-ios.release.xcconfig"; sourceTree = "<group>"; };
		FA3809884BEC55ED1C004523 /* Pods-mentorship-ios.debug.xcconfig */ = {isa = PBXFileReference; includeInIndex = 1; lastKnownFileType = text.xcconfig; name = "Pods-mentorship-ios.debug.xcconfig"; path = "Target Support Files/Pods-mentorship-ios/Pods-mentorship-ios.debug.xcconfig"; sourceTree = "<group>"; };
/* End PBXFileReference section */

/* Begin PBXFrameworksBuildPhase section */
		8332F84023FF0B0200632951 /* Frameworks */ = {
			isa = PBXFrameworksBuildPhase;
			buildActionMask = 2147483647;
			files = (
				D641C0FF6D57E2F610203AB9 /* Pods_mentorship_ios.framework in Frameworks */,
			);
			runOnlyForDeploymentPostprocessing = 0;
		};
/* End PBXFrameworksBuildPhase section */

/* Begin PBXGroup section */
		715F83B5FAA755DD623E38AD /* Pods */ = {
			isa = PBXGroup;
			children = (
				FA3809884BEC55ED1C004523 /* Pods-mentorship-ios.debug.xcconfig */,
				C3D8D73D9FDCFD219B5483B5 /* Pods-mentorship-ios.release.xcconfig */,
			);
			path = Pods;
			sourceTree = "<group>";
		};
		8332F83A23FF0B0200632951 = {
			isa = PBXGroup;
			children = (
				8332F84523FF0B0200632951 /* mentorship-ios */,
				8332F84423FF0B0200632951 /* Products */,
				715F83B5FAA755DD623E38AD /* Pods */,
				D1A10FCBE655FDB0620E8F75 /* Frameworks */,
			);
			sourceTree = "<group>";
		};
		8332F84423FF0B0200632951 /* Products */ = {
			isa = PBXGroup;
			children = (
				8332F84323FF0B0200632951 /* mentorship-ios.app */,
			);
			name = Products;
			sourceTree = "<group>";
		};
		8332F84523FF0B0200632951 /* mentorship-ios */ = {
			isa = PBXGroup;
			children = (
				8379F894244C69640097876F /* Cells */,
				8332F85C23FF370800632951 /* Model */,
				83DB6D3A23FFD05200890479 /* Utilities */,
				83DB6D3F23FFD28300890479 /* Services */,
				8341CFE423FFC39100A8B42C /* View Controllers */,
				8379F897244C7D2C0097876F /* Storboards */,
				8332F84623FF0B0200632951 /* AppDelegate.swift */,
				8332F84823FF0B0200632951 /* SceneDelegate.swift */,
				8332F84F23FF0B0500632951 /* Assets.xcassets */,
				8332F85123FF0B0500632951 /* LaunchScreen.storyboard */,
				8332F85423FF0B0500632951 /* Info.plist */,
			);
			path = "mentorship-ios";
			sourceTree = "<group>";
		};
		8332F85C23FF370800632951 /* Model */ = {
			isa = PBXGroup;
			children = (
				8332F85D23FF379E00632951 /* requests */,
			);
			path = Model;
			sourceTree = "<group>";
		};
		8332F85D23FF379E00632951 /* requests */ = {
			isa = PBXGroup;
			children = (
				8332F85E23FF37BA00632951 /* Register.swift */,
				839FD3F72401C03E00DD21F4 /* Login.swift */,
			);
			path = requests;
			sourceTree = "<group>";
		};
		8341CFE423FFC39100A8B42C /* View Controllers */ = {
			isa = PBXGroup;
			children = (
				8332F84A23FF0B0200632951 /* LoginViewController.swift */,
				8332F85A23FF338A00632951 /* SignUpViewController.swift */,
				8379F892244C69370097876F /* HomeViewController.swift */,
			);
			path = "View Controllers";
			sourceTree = "<group>";
		};
		8379F894244C69640097876F /* Cells */ = {
			isa = PBXGroup;
			children = (
				8379F895244C697A0097876F /* HomeCollectionViewCell.swift */,
			);
			path = Cells;
			sourceTree = "<group>";
		};
		8379F897244C7D2C0097876F /* Storboards */ = {
			isa = PBXGroup;
			children = (
				8332F84C23FF0B0200632951 /* Main.storyboard */,
				8379F898244C7D5B0097876F /* Home.storyboard */,
				8379F89A244C7D780097876F /* Relations.storyboard */,
				8379F89C244C7D810097876F /* Requests.storyboard */,
				8379F89E244C7D8A0097876F /* Settings.storyboard */,
				8379F8A0244C7D970097876F /* Profile.storyboard */,
			);
			path = Storboards;
			sourceTree = "<group>";
		};
		83DB6D3A23FFD05200890479 /* Utilities */ = {
			isa = PBXGroup;
			children = (
				83DB6D3B23FFD06200890479 /* MSConstants.swift */,
				83DB6D3D23FFD0CA00890479 /* MSErrors.swift */,
			);
			path = Utilities;
			sourceTree = "<group>";
		};
		83DB6D3F23FFD28300890479 /* Services */ = {
			isa = PBXGroup;
			children = (
				83DB6D4023FFD2A000890479 /* Requests */,
			);
			path = Services;
			sourceTree = "<group>";
		};
		83DB6D4023FFD2A000890479 /* Requests */ = {
			isa = PBXGroup;
			children = (
				83DB6D4123FFD2B200890479 /* AuthService.swift */,
			);
			path = Requests;
			sourceTree = "<group>";
		};
		D1A10FCBE655FDB0620E8F75 /* Frameworks */ = {
			isa = PBXGroup;
			children = (
				09507C5BBCF463918CC8C6DD /* Pods_mentorship_ios.framework */,
			);
			name = Frameworks;
			sourceTree = "<group>";
		};
/* End PBXGroup section */

/* Begin PBXNativeTarget section */
		8332F84223FF0B0200632951 /* mentorship-ios */ = {
			isa = PBXNativeTarget;
			buildConfigurationList = 8332F85723FF0B0500632951 /* Build configuration list for PBXNativeTarget "mentorship-ios" */;
			buildPhases = (
				3B97DBDAA67D45F2308453B1 /* [CP] Check Pods Manifest.lock */,
				8332F83F23FF0B0200632951 /* Sources */,
				8332F84023FF0B0200632951 /* Frameworks */,
				8332F84123FF0B0200632951 /* Resources */,
				64CE48192E3F06E7ED8FD99B /* [CP] Embed Pods Frameworks */,
			);
			buildRules = (
			);
			dependencies = (
			);
			name = "mentorship-ios";
			productName = "mentorship-ios";
			productReference = 8332F84323FF0B0200632951 /* mentorship-ios.app */;
			productType = "com.apple.product-type.application";
		};
/* End PBXNativeTarget section */

/* Begin PBXProject section */
		8332F83B23FF0B0200632951 /* Project object */ = {
			isa = PBXProject;
			attributes = {
				LastSwiftUpdateCheck = 1130;
				LastUpgradeCheck = 1130;
				ORGANIZATIONNAME = "Vatsal Kulshreshtha";
				TargetAttributes = {
					8332F84223FF0B0200632951 = {
						CreatedOnToolsVersion = 11.3.1;
					};
				};
			};
			buildConfigurationList = 8332F83E23FF0B0200632951 /* Build configuration list for PBXProject "mentorship-ios" */;
			compatibilityVersion = "Xcode 9.3";
			developmentRegion = en;
			hasScannedForEncodings = 0;
			knownRegions = (
				en,
				Base,
			);
			mainGroup = 8332F83A23FF0B0200632951;
			productRefGroup = 8332F84423FF0B0200632951 /* Products */;
			projectDirPath = "";
			projectRoot = "";
			targets = (
				8332F84223FF0B0200632951 /* mentorship-ios */,
			);
		};
/* End PBXProject section */

/* Begin PBXResourcesBuildPhase section */
		8332F84123FF0B0200632951 /* Resources */ = {
			isa = PBXResourcesBuildPhase;
			buildActionMask = 2147483647;
			files = (
				8332F85323FF0B0500632951 /* LaunchScreen.storyboard in Resources */,
				8379F89B244C7D780097876F /* Relations.storyboard in Resources */,
				8379F8A1244C7D970097876F /* Profile.storyboard in Resources */,
				8332F85023FF0B0500632951 /* Assets.xcassets in Resources */,
				8332F84E23FF0B0200632951 /* Main.storyboard in Resources */,
				8379F89D244C7D810097876F /* Requests.storyboard in Resources */,
				8379F899244C7D5B0097876F /* Home.storyboard in Resources */,
				8379F89F244C7D8A0097876F /* Settings.storyboard in Resources */,
			);
			runOnlyForDeploymentPostprocessing = 0;
		};
/* End PBXResourcesBuildPhase section */

/* Begin PBXShellScriptBuildPhase section */
		3B97DBDAA67D45F2308453B1 /* [CP] Check Pods Manifest.lock */ = {
			isa = PBXShellScriptBuildPhase;
			buildActionMask = 2147483647;
			files = (
			);
			inputFileListPaths = (
			);
			inputPaths = (
				"${PODS_PODFILE_DIR_PATH}/Podfile.lock",
				"${PODS_ROOT}/Manifest.lock",
			);
			name = "[CP] Check Pods Manifest.lock";
			outputFileListPaths = (
			);
			outputPaths = (
				"$(DERIVED_FILE_DIR)/Pods-mentorship-ios-checkManifestLockResult.txt",
			);
			runOnlyForDeploymentPostprocessing = 0;
			shellPath = /bin/sh;
			shellScript = "diff \"${PODS_PODFILE_DIR_PATH}/Podfile.lock\" \"${PODS_ROOT}/Manifest.lock\" > /dev/null\nif [ $? != 0 ] ; then\n    # print error to STDERR\n    echo \"error: The sandbox is not in sync with the Podfile.lock. Run 'pod install' or update your CocoaPods installation.\" >&2\n    exit 1\nfi\n# This output is used by Xcode 'outputs' to avoid re-running this script phase.\necho \"SUCCESS\" > \"${SCRIPT_OUTPUT_FILE_0}\"\n";
			showEnvVarsInLog = 0;
		};
		64CE48192E3F06E7ED8FD99B /* [CP] Embed Pods Frameworks */ = {
			isa = PBXShellScriptBuildPhase;
			buildActionMask = 2147483647;
			files = (
			);
			inputFileListPaths = (
				"${PODS_ROOT}/Target Support Files/Pods-mentorship-ios/Pods-mentorship-ios-frameworks-${CONFIGURATION}-input-files.xcfilelist",
			);
			name = "[CP] Embed Pods Frameworks";
			outputFileListPaths = (
				"${PODS_ROOT}/Target Support Files/Pods-mentorship-ios/Pods-mentorship-ios-frameworks-${CONFIGURATION}-output-files.xcfilelist",
			);
			runOnlyForDeploymentPostprocessing = 0;
			shellPath = /bin/sh;
			shellScript = "\"${PODS_ROOT}/Target Support Files/Pods-mentorship-ios/Pods-mentorship-ios-frameworks.sh\"\n";
			showEnvVarsInLog = 0;
		};
/* End PBXShellScriptBuildPhase section */

/* Begin PBXSourcesBuildPhase section */
		8332F83F23FF0B0200632951 /* Sources */ = {
			isa = PBXSourcesBuildPhase;
			buildActionMask = 2147483647;
			files = (
				8332F84B23FF0B0200632951 /* LoginViewController.swift in Sources */,
				8332F84723FF0B0200632951 /* AppDelegate.swift in Sources */,
				8332F85B23FF338A00632951 /* SignUpViewController.swift in Sources */,
				8332F84923FF0B0200632951 /* SceneDelegate.swift in Sources */,
				8332F85F23FF37BA00632951 /* Register.swift in Sources */,
				8379F893244C69370097876F /* HomeViewController.swift in Sources */,
				8379F896244C697A0097876F /* HomeCollectionViewCell.swift in Sources */,
				83DB6D3C23FFD06200890479 /* MSConstants.swift in Sources */,
				839FD3F82401C03E00DD21F4 /* Login.swift in Sources */,
				83DB6D4223FFD2B200890479 /* AuthService.swift in Sources */,
				83DB6D3E23FFD0CA00890479 /* MSErrors.swift in Sources */,
			);
			runOnlyForDeploymentPostprocessing = 0;
		};
/* End PBXSourcesBuildPhase section */

/* Begin PBXVariantGroup section */
		8332F84C23FF0B0200632951 /* Main.storyboard */ = {
			isa = PBXVariantGroup;
			children = (
				8332F84D23FF0B0200632951 /* Base */,
			);
			name = Main.storyboard;
			sourceTree = "<group>";
		};
		8332F85123FF0B0500632951 /* LaunchScreen.storyboard */ = {
			isa = PBXVariantGroup;
			children = (
				8332F85223FF0B0500632951 /* Base */,
			);
			name = LaunchScreen.storyboard;
			sourceTree = "<group>";
		};
/* End PBXVariantGroup section */

/* Begin XCBuildConfiguration section */
		8332F85523FF0B0500632951 /* Debug */ = {
			isa = XCBuildConfiguration;
			buildSettings = {
				ALWAYS_SEARCH_USER_PATHS = NO;
				CLANG_ANALYZER_NONNULL = YES;
				CLANG_ANALYZER_NUMBER_OBJECT_CONVERSION = YES_AGGRESSIVE;
				CLANG_CXX_LANGUAGE_STANDARD = "gnu++14";
				CLANG_CXX_LIBRARY = "libc++";
				CLANG_ENABLE_MODULES = YES;
				CLANG_ENABLE_OBJC_ARC = YES;
				CLANG_ENABLE_OBJC_WEAK = YES;
				CLANG_WARN_BLOCK_CAPTURE_AUTORELEASING = YES;
				CLANG_WARN_BOOL_CONVERSION = YES;
				CLANG_WARN_COMMA = YES;
				CLANG_WARN_CONSTANT_CONVERSION = YES;
				CLANG_WARN_DEPRECATED_OBJC_IMPLEMENTATIONS = YES;
				CLANG_WARN_DIRECT_OBJC_ISA_USAGE = YES_ERROR;
				CLANG_WARN_DOCUMENTATION_COMMENTS = YES;
				CLANG_WARN_EMPTY_BODY = YES;
				CLANG_WARN_ENUM_CONVERSION = YES;
				CLANG_WARN_INFINITE_RECURSION = YES;
				CLANG_WARN_INT_CONVERSION = YES;
				CLANG_WARN_NON_LITERAL_NULL_CONVERSION = YES;
				CLANG_WARN_OBJC_IMPLICIT_RETAIN_SELF = YES;
				CLANG_WARN_OBJC_LITERAL_CONVERSION = YES;
				CLANG_WARN_OBJC_ROOT_CLASS = YES_ERROR;
				CLANG_WARN_RANGE_LOOP_ANALYSIS = YES;
				CLANG_WARN_STRICT_PROTOTYPES = YES;
				CLANG_WARN_SUSPICIOUS_MOVE = YES;
				CLANG_WARN_UNGUARDED_AVAILABILITY = YES_AGGRESSIVE;
				CLANG_WARN_UNREACHABLE_CODE = YES;
				CLANG_WARN__DUPLICATE_METHOD_MATCH = YES;
				COPY_PHASE_STRIP = NO;
				DEBUG_INFORMATION_FORMAT = dwarf;
				ENABLE_STRICT_OBJC_MSGSEND = YES;
				ENABLE_TESTABILITY = YES;
				GCC_C_LANGUAGE_STANDARD = gnu11;
				GCC_DYNAMIC_NO_PIC = NO;
				GCC_NO_COMMON_BLOCKS = YES;
				GCC_OPTIMIZATION_LEVEL = 0;
				GCC_PREPROCESSOR_DEFINITIONS = (
					"DEBUG=1",
					"$(inherited)",
				);
				GCC_WARN_64_TO_32_BIT_CONVERSION = YES;
				GCC_WARN_ABOUT_RETURN_TYPE = YES_ERROR;
				GCC_WARN_UNDECLARED_SELECTOR = YES;
				GCC_WARN_UNINITIALIZED_AUTOS = YES_AGGRESSIVE;
				GCC_WARN_UNUSED_FUNCTION = YES;
				GCC_WARN_UNUSED_VARIABLE = YES;
				IPHONEOS_DEPLOYMENT_TARGET = 13.2;
				MTL_ENABLE_DEBUG_INFO = INCLUDE_SOURCE;
				MTL_FAST_MATH = YES;
				ONLY_ACTIVE_ARCH = YES;
				SDKROOT = iphoneos;
				SWIFT_ACTIVE_COMPILATION_CONDITIONS = DEBUG;
				SWIFT_OPTIMIZATION_LEVEL = "-Onone";
			};
			name = Debug;
		};
		8332F85623FF0B0500632951 /* Release */ = {
			isa = XCBuildConfiguration;
			buildSettings = {
				ALWAYS_SEARCH_USER_PATHS = NO;
				CLANG_ANALYZER_NONNULL = YES;
				CLANG_ANALYZER_NUMBER_OBJECT_CONVERSION = YES_AGGRESSIVE;
				CLANG_CXX_LANGUAGE_STANDARD = "gnu++14";
				CLANG_CXX_LIBRARY = "libc++";
				CLANG_ENABLE_MODULES = YES;
				CLANG_ENABLE_OBJC_ARC = YES;
				CLANG_ENABLE_OBJC_WEAK = YES;
				CLANG_WARN_BLOCK_CAPTURE_AUTORELEASING = YES;
				CLANG_WARN_BOOL_CONVERSION = YES;
				CLANG_WARN_COMMA = YES;
				CLANG_WARN_CONSTANT_CONVERSION = YES;
				CLANG_WARN_DEPRECATED_OBJC_IMPLEMENTATIONS = YES;
				CLANG_WARN_DIRECT_OBJC_ISA_USAGE = YES_ERROR;
				CLANG_WARN_DOCUMENTATION_COMMENTS = YES;
				CLANG_WARN_EMPTY_BODY = YES;
				CLANG_WARN_ENUM_CONVERSION = YES;
				CLANG_WARN_INFINITE_RECURSION = YES;
				CLANG_WARN_INT_CONVERSION = YES;
				CLANG_WARN_NON_LITERAL_NULL_CONVERSION = YES;
				CLANG_WARN_OBJC_IMPLICIT_RETAIN_SELF = YES;
				CLANG_WARN_OBJC_LITERAL_CONVERSION = YES;
				CLANG_WARN_OBJC_ROOT_CLASS = YES_ERROR;
				CLANG_WARN_RANGE_LOOP_ANALYSIS = YES;
				CLANG_WARN_STRICT_PROTOTYPES = YES;
				CLANG_WARN_SUSPICIOUS_MOVE = YES;
				CLANG_WARN_UNGUARDED_AVAILABILITY = YES_AGGRESSIVE;
				CLANG_WARN_UNREACHABLE_CODE = YES;
				CLANG_WARN__DUPLICATE_METHOD_MATCH = YES;
				COPY_PHASE_STRIP = NO;
				DEBUG_INFORMATION_FORMAT = "dwarf-with-dsym";
				ENABLE_NS_ASSERTIONS = NO;
				ENABLE_STRICT_OBJC_MSGSEND = YES;
				GCC_C_LANGUAGE_STANDARD = gnu11;
				GCC_NO_COMMON_BLOCKS = YES;
				GCC_WARN_64_TO_32_BIT_CONVERSION = YES;
				GCC_WARN_ABOUT_RETURN_TYPE = YES_ERROR;
				GCC_WARN_UNDECLARED_SELECTOR = YES;
				GCC_WARN_UNINITIALIZED_AUTOS = YES_AGGRESSIVE;
				GCC_WARN_UNUSED_FUNCTION = YES;
				GCC_WARN_UNUSED_VARIABLE = YES;
				IPHONEOS_DEPLOYMENT_TARGET = 13.2;
				MTL_ENABLE_DEBUG_INFO = NO;
				MTL_FAST_MATH = YES;
				SDKROOT = iphoneos;
				SWIFT_COMPILATION_MODE = wholemodule;
				SWIFT_OPTIMIZATION_LEVEL = "-O";
				VALIDATE_PRODUCT = YES;
			};
			name = Release;
		};
		8332F85823FF0B0500632951 /* Debug */ = {
			isa = XCBuildConfiguration;
			baseConfigurationReference = FA3809884BEC55ED1C004523 /* Pods-mentorship-ios.debug.xcconfig */;
			buildSettings = {
				ASSETCATALOG_COMPILER_APPICON_NAME = AppIcon;
				CODE_SIGN_STYLE = Automatic;
				INFOPLIST_FILE = "mentorship-ios/Info.plist";
				IPHONEOS_DEPLOYMENT_TARGET = 13.0;
				LD_RUNPATH_SEARCH_PATHS = (
					"$(inherited)",
					"@executable_path/Frameworks",
				);
				PRODUCT_BUNDLE_IDENTIFIER = "vatsalkulshreshtha.me.mentorship-ios";
				PRODUCT_NAME = "$(TARGET_NAME)";
				SWIFT_VERSION = 5.0;
				TARGETED_DEVICE_FAMILY = "1,2";
			};
			name = Debug;
		};
		8332F85923FF0B0500632951 /* Release */ = {
			isa = XCBuildConfiguration;
			baseConfigurationReference = C3D8D73D9FDCFD219B5483B5 /* Pods-mentorship-ios.release.xcconfig */;
			buildSettings = {
				ASSETCATALOG_COMPILER_APPICON_NAME = AppIcon;
				CODE_SIGN_STYLE = Automatic;
				INFOPLIST_FILE = "mentorship-ios/Info.plist";
				IPHONEOS_DEPLOYMENT_TARGET = 13.0;
				LD_RUNPATH_SEARCH_PATHS = (
					"$(inherited)",
					"@executable_path/Frameworks",
				);
				PRODUCT_BUNDLE_IDENTIFIER = "vatsalkulshreshtha.me.mentorship-ios";
				PRODUCT_NAME = "$(TARGET_NAME)";
				SWIFT_VERSION = 5.0;
				TARGETED_DEVICE_FAMILY = "1,2";
			};
			name = Release;
		};
/* End XCBuildConfiguration section */

/* Begin XCConfigurationList section */
		8332F83E23FF0B0200632951 /* Build configuration list for PBXProject "mentorship-ios" */ = {
			isa = XCConfigurationList;
			buildConfigurations = (
				8332F85523FF0B0500632951 /* Debug */,
				8332F85623FF0B0500632951 /* Release */,
			);
			defaultConfigurationIsVisible = 0;
			defaultConfigurationName = Release;
		};
		8332F85723FF0B0500632951 /* Build configuration list for PBXNativeTarget "mentorship-ios" */ = {
			isa = XCConfigurationList;
			buildConfigurations = (
				8332F85823FF0B0500632951 /* Debug */,
				8332F85923FF0B0500632951 /* Release */,
			);
			defaultConfigurationIsVisible = 0;
			defaultConfigurationName = Release;
		};
/* End XCConfigurationList section */
	};
	rootObject = 8332F83B23FF0B0200632951 /* Project object */;
}
